
Microsoft Visual Studio Solution File, Format Version 12.00
# Visual Studio 14
VisualStudioVersion = 14.0.25420.1
MinimumVisualStudioVersion = 10.0.40219.1
Project("{FAE04EC0-301F-11D3-BF4B-00C04F79EFBC}") = "aEMRClient", "ESalePos\aEMRClient.csproj", "{0A0DF543-94F3-47BD-BC49-B45D62BBFE0D}"
	ProjectSection(ProjectDependencies) = postProject
		{19CEFC1C-D111-42E0-93C2-7DC8338FB886} = {19CEFC1C-D111-42E0-93C2-7DC8338FB886}
		{DD785082-EE98-441E-B0F5-E05011B600B3} = {DD785082-EE98-441E-B0F5-E05011B600B3}
		{F5CA1ECD-7EED-4BAD-AD2B-F9A441B88E73} = {F5CA1ECD-7EED-4BAD-AD2B-F9A441B88E73}
	EndProjectSection
EndProject
Project("{2150E333-8FDC-42A3-9474-1A3956D46DE8}") = "Base", "Base", "{7E538AB4-EBDE-4872-8C0B-427385941350}"
EndProject
Project("{2150E333-8FDC-42A3-9474-1A3956D46DE8}") = "BusinessLayers", "BusinessLayers", "{16A11862-16F3-45D0-9C5C-2B886889FA31}"
EndProject
Project("{2150E333-8FDC-42A3-9474-1A3956D46DE8}") = "Views", "Views", "{F7B30EA8-8FF5-4902-8720-4FBCE3BB347E}"
EndProject
Project("{FAE04EC0-301F-11D3-BF4B-00C04F79EFBC}") = "aEMR.Common", "aEMR.Common\aEMR.Common.csproj", "{71A86AED-A962-4EB7-AFC0-4830055D1876}"
EndProject
Project("{FAE04EC0-301F-11D3-BF4B-00C04F79EFBC}") = "aEMR.Controls", "aEMR.Controls\aEMR.Controls.csproj", "{19785D4B-91B0-4BA1-B7B9-6F07234AC5BD}"
EndProject
Project("{FAE04EC0-301F-11D3-BF4B-00C04F79EFBC}") = "aEMR.Infrastructure", "aEMR.Infrastructure\aEMR.Infrastructure.csproj", "{90CA71D9-1529-44E9-934F-320BD663DA0F}"
EndProject
Project("{FAE04EC0-301F-11D3-BF4B-00C04F79EFBC}") = "aEMR.ViewContracts", "aEMR.ViewContracts\aEMR.ViewContracts.csproj", "{6CE203DE-5E11-4B39-92D1-AE18D0C5B221}"
EndProject
Project("{FAE04EC0-301F-11D3-BF4B-00C04F79EFBC}") = "aEMR.Resources", "aEMR.Resources\aEMR.Resources.csproj", "{1889CE9A-00B7-4BAA-A804-7329932C17DE}"
EndProject
Project("{FAE04EC0-301F-11D3-BF4B-00C04F79EFBC}") = "aEMR.DataContracts", "aEMR.DataContracts\aEMR.DataContracts.csproj", "{4D1163E8-82C8-4517-92C0-1D9AE146CC14}"
EndProject
Project("{FAE04EC0-301F-11D3-BF4B-00C04F79EFBC}") = "aEMR.CommonUserControls", "aEMR.CommonUserControls\aEMR.CommonUserControls.csproj", "{46BA906F-ECA9-4CD3-BC90-4CB6F30C84C6}"
EndProject
Project("{FAE04EC0-301F-11D3-BF4B-00C04F79EFBC}") = "aEMR.ServiceClient", "aEMR.ServiceClient\aEMR.ServiceClient.csproj", "{A6887F7D-9B92-4C9C-9893-1EC4826300A8}"
EndProject
Project("{FAE04EC0-301F-11D3-BF4B-00C04F79EFBC}") = "aEMR.ReportModel", "aEMR.ReportModel\aEMR.ReportModel.csproj", "{19CEFC1C-D111-42E0-93C2-7DC8338FB886}"
EndProject
Project("{FAE04EC0-301F-11D3-BF4B-00C04F79EFBC}") = "aEMR.CommonViews", "aEMR.CommonViews\aEMR.CommonViews.csproj", "{F5CA1ECD-7EED-4BAD-AD2B-F9A441B88E73}"
EndProject
Project("{FAE04EC0-301F-11D3-BF4B-00C04F79EFBC}") = "aEMR.Appointment", "aEMR.Appointment\aEMR.Appointment.csproj", "{DD785082-EE98-441E-B0F5-E05011B600B3}"
	ProjectSection(ProjectDependencies) = postProject
		{F5CA1ECD-7EED-4BAD-AD2B-F9A441B88E73} = {F5CA1ECD-7EED-4BAD-AD2B-F9A441B88E73}
	EndProjectSection
EndProject
Project("{FAE04EC0-301F-11D3-BF4B-00C04F79EFBC}") = "aEMR.WPFControls", "aEMR.WPFControls\aEMR.WPFControls.csproj", "{EBB6E6F1-9F28-43A6-A6C3-29ADDBF43D48}"
EndProject
Global
	GlobalSection(SolutionConfigurationPlatforms) = preSolution
		Debug|Any CPU = Debug|Any CPU
		Debug|Mixed Platforms = Debug|Mixed Platforms
		Debug|x86 = Debug|x86
		Release|Any CPU = Release|Any CPU
		Release|Mixed Platforms = Release|Mixed Platforms
		Release|x86 = Release|x86
	EndGlobalSection
	GlobalSection(ProjectConfigurationPlatforms) = postSolution
		{0A0DF543-94F3-47BD-BC49-B45D62BBFE0D}.Debug|Any CPU.ActiveCfg = Debug|Any CPU
		{0A0DF543-94F3-47BD-BC49-B45D62BBFE0D}.Debug|Mixed Platforms.ActiveCfg = Debug|Any CPU
		{0A0DF543-94F3-47BD-BC49-B45D62BBFE0D}.Debug|Mixed Platforms.Build.0 = Debug|Any CPU
		{0A0DF543-94F3-47BD-BC49-B45D62BBFE0D}.Debug|x86.ActiveCfg = Debug|x86
		{0A0DF543-94F3-47BD-BC49-B45D62BBFE0D}.Debug|x86.Build.0 = Debug|x86
		{0A0DF543-94F3-47BD-BC49-B45D62BBFE0D}.Release|Any CPU.ActiveCfg = Release|x86
		{0A0DF543-94F3-47BD-BC49-B45D62BBFE0D}.Release|Mixed Platforms.ActiveCfg = Release|x86
		{0A0DF543-94F3-47BD-BC49-B45D62BBFE0D}.Release|Mixed Platforms.Build.0 = Release|x86
		{0A0DF543-94F3-47BD-BC49-B45D62BBFE0D}.Release|x86.ActiveCfg = Release|x86
		{0A0DF543-94F3-47BD-BC49-B45D62BBFE0D}.Release|x86.Build.0 = Release|x86
		{71A86AED-A962-4EB7-AFC0-4830055D1876}.Debug|Any CPU.ActiveCfg = Debug|Any CPU
		{71A86AED-A962-4EB7-AFC0-4830055D1876}.Debug|Any CPU.Build.0 = Debug|Any CPU
		{71A86AED-A962-4EB7-AFC0-4830055D1876}.Debug|Mixed Platforms.ActiveCfg = Debug|Any CPU
		{71A86AED-A962-4EB7-AFC0-4830055D1876}.Debug|Mixed Platforms.Build.0 = Debug|Any CPU
		{71A86AED-A962-4EB7-AFC0-4830055D1876}.Debug|x86.ActiveCfg = Debug|Any CPU
		{71A86AED-A962-4EB7-AFC0-4830055D1876}.Debug|x86.Build.0 = Debug|Any CPU
		{71A86AED-A962-4EB7-AFC0-4830055D1876}.Release|Any CPU.ActiveCfg = Release|Any CPU
		{71A86AED-A962-4EB7-AFC0-4830055D1876}.Release|Any CPU.Build.0 = Release|Any CPU
		{71A86AED-A962-4EB7-AFC0-4830055D1876}.Release|Mixed Platforms.ActiveCfg = Release|Any CPU
		{71A86AED-A962-4EB7-AFC0-4830055D1876}.Release|Mixed Platforms.Build.0 = Release|Any CPU
		{71A86AED-A962-4EB7-AFC0-4830055D1876}.Release|x86.ActiveCfg = Release|Any CPU
		{71A86AED-A962-4EB7-AFC0-4830055D1876}.Release|x86.Build.0 = Release|Any CPU
		{19785D4B-91B0-4BA1-B7B9-6F07234AC5BD}.Debug|Any CPU.ActiveCfg = Debug|Any CPU
		{19785D4B-91B0-4BA1-B7B9-6F07234AC5BD}.Debug|Any CPU.Build.0 = Debug|Any CPU
		{19785D4B-91B0-4BA1-B7B9-6F07234AC5BD}.Debug|Mixed Platforms.ActiveCfg = Debug|Any CPU
		{19785D4B-91B0-4BA1-B7B9-6F07234AC5BD}.Debug|Mixed Platforms.Build.0 = Debug|Any CPU
		{19785D4B-91B0-4BA1-B7B9-6F07234AC5BD}.Debug|x86.ActiveCfg = Debug|Any CPU
		{19785D4B-91B0-4BA1-B7B9-6F07234AC5BD}.Debug|x86.Build.0 = Debug|Any CPU
		{19785D4B-91B0-4BA1-B7B9-6F07234AC5BD}.Release|Any CPU.ActiveCfg = Release|Any CPU
		{19785D4B-91B0-4BA1-B7B9-6F07234AC5BD}.Release|Any CPU.Build.0 = Release|Any CPU
		{19785D4B-91B0-4BA1-B7B9-6F07234AC5BD}.Release|Mixed Platforms.ActiveCfg = Release|Any CPU
		{19785D4B-91B0-4BA1-B7B9-6F07234AC5BD}.Release|Mixed Platforms.Build.0 = Release|Any CPU
		{19785D4B-91B0-4BA1-B7B9-6F07234AC5BD}.Release|x86.ActiveCfg = Release|Any CPU
		{19785D4B-91B0-4BA1-B7B9-6F07234AC5BD}.Release|x86.Build.0 = Release|Any CPU
		{90CA71D9-1529-44E9-934F-320BD663DA0F}.Debug|Any CPU.ActiveCfg = Debug|Any CPU
		{90CA71D9-1529-44E9-934F-320BD663DA0F}.Debug|Any CPU.Build.0 = Debug|Any CPU
		{90CA71D9-1529-44E9-934F-320BD663DA0F}.Debug|Mixed Platforms.ActiveCfg = Debug|Any CPU
		{90CA71D9-1529-44E9-934F-320BD663DA0F}.Debug|Mixed Platforms.Build.0 = Debug|Any CPU
		{90CA71D9-1529-44E9-934F-320BD663DA0F}.Debug|x86.ActiveCfg = Debug|Any CPU
		{90CA71D9-1529-44E9-934F-320BD663DA0F}.Debug|x86.Build.0 = Debug|Any CPU
		{90CA71D9-1529-44E9-934F-320BD663DA0F}.Release|Any CPU.ActiveCfg = Release|Any CPU
		{90CA71D9-1529-44E9-934F-320BD663DA0F}.Release|Any CPU.Build.0 = Release|Any CPU
		{90CA71D9-1529-44E9-934F-320BD663DA0F}.Release|Mixed Platforms.ActiveCfg = Release|Any CPU
		{90CA71D9-1529-44E9-934F-320BD663DA0F}.Release|Mixed Platforms.Build.0 = Release|Any CPU
		{90CA71D9-1529-44E9-934F-320BD663DA0F}.Release|x86.ActiveCfg = Release|Any CPU
		{90CA71D9-1529-44E9-934F-320BD663DA0F}.Release|x86.Build.0 = Release|Any CPU
		{6CE203DE-5E11-4B39-92D1-AE18D0C5B221}.Debug|Any CPU.ActiveCfg = Debug|Any CPU
		{6CE203DE-5E11-4B39-92D1-AE18D0C5B221}.Debug|Any CPU.Build.0 = Debug|Any CPU
		{6CE203DE-5E11-4B39-92D1-AE18D0C5B221}.Debug|Mixed Platforms.ActiveCfg = Debug|Any CPU
		{6CE203DE-5E11-4B39-92D1-AE18D0C5B221}.Debug|Mixed Platforms.Build.0 = Debug|Any CPU
		{6CE203DE-5E11-4B39-92D1-AE18D0C5B221}.Debug|x86.ActiveCfg = Debug|Any CPU
		{6CE203DE-5E11-4B39-92D1-AE18D0C5B221}.Debug|x86.Build.0 = Debug|Any CPU
		{6CE203DE-5E11-4B39-92D1-AE18D0C5B221}.Release|Any CPU.ActiveCfg = Release|Any CPU
		{6CE203DE-5E11-4B39-92D1-AE18D0C5B221}.Release|Any CPU.Build.0 = Release|Any CPU
		{6CE203DE-5E11-4B39-92D1-AE18D0C5B221}.Release|Mixed Platforms.ActiveCfg = Release|Any CPU
		{6CE203DE-5E11-4B39-92D1-AE18D0C5B221}.Release|Mixed Platforms.Build.0 = Release|Any CPU
		{6CE203DE-5E11-4B39-92D1-AE18D0C5B221}.Release|x86.ActiveCfg = Release|Any CPU
		{6CE203DE-5E11-4B39-92D1-AE18D0C5B221}.Release|x86.Build.0 = Release|Any CPU
		{1889CE9A-00B7-4BAA-A804-7329932C17DE}.Debug|Any CPU.ActiveCfg = Debug|Any CPU
		{1889CE9A-00B7-4BAA-A804-7329932C17DE}.Debug|Any CPU.Build.0 = Debug|Any CPU
		{1889CE9A-00B7-4BAA-A804-7329932C17DE}.Debug|Mixed Platforms.ActiveCfg = Debug|Any CPU
		{1889CE9A-00B7-4BAA-A804-7329932C17DE}.Debug|Mixed Platforms.Build.0 = Debug|Any CPU
		{1889CE9A-00B7-4BAA-A804-7329932C17DE}.Debug|x86.ActiveCfg = Debug|Any CPU
		{1889CE9A-00B7-4BAA-A804-7329932C17DE}.Debug|x86.Build.0 = Debug|Any CPU
		{1889CE9A-00B7-4BAA-A804-7329932C17DE}.Release|Any CPU.ActiveCfg = Release|Any CPU
		{1889CE9A-00B7-4BAA-A804-7329932C17DE}.Release|Any CPU.Build.0 = Release|Any CPU
		{1889CE9A-00B7-4BAA-A804-7329932C17DE}.Release|Mixed Platforms.ActiveCfg = Release|Any CPU
		{1889CE9A-00B7-4BAA-A804-7329932C17DE}.Release|Mixed Platforms.Build.0 = Release|Any CPU
		{1889CE9A-00B7-4BAA-A804-7329932C17DE}.Release|x86.ActiveCfg = Release|Any CPU
		{1889CE9A-00B7-4BAA-A804-7329932C17DE}.Release|x86.Build.0 = Release|Any CPU
		{4D1163E8-82C8-4517-92C0-1D9AE146CC14}.Debug|Any CPU.ActiveCfg = Debug|Any CPU
		{4D1163E8-82C8-4517-92C0-1D9AE146CC14}.Debug|Any CPU.Build.0 = Debug|Any CPU
		{4D1163E8-82C8-4517-92C0-1D9AE146CC14}.Debug|Mixed Platforms.ActiveCfg = Debug|Any CPU
		{4D1163E8-82C8-4517-92C0-1D9AE146CC14}.Debug|Mixed Platforms.Build.0 = Debug|Any CPU
		{4D1163E8-82C8-4517-92C0-1D9AE146CC14}.Debug|x86.ActiveCfg = Debug|Any CPU
		{4D1163E8-82C8-4517-92C0-1D9AE146CC14}.Debug|x86.Build.0 = Debug|Any CPU
		{4D1163E8-82C8-4517-92C0-1D9AE146CC14}.Release|Any CPU.ActiveCfg = Release|Any CPU
		{4D1163E8-82C8-4517-92C0-1D9AE146CC14}.Release|Any CPU.Build.0 = Release|Any CPU
		{4D1163E8-82C8-4517-92C0-1D9AE146CC14}.Release|Mixed Platforms.ActiveCfg = Release|Any CPU
		{4D1163E8-82C8-4517-92C0-1D9AE146CC14}.Release|Mixed Platforms.Build.0 = Release|Any CPU
		{4D1163E8-82C8-4517-92C0-1D9AE146CC14}.Release|x86.ActiveCfg = Release|Any CPU
		{4D1163E8-82C8-4517-92C0-1D9AE146CC14}.Release|x86.Build.0 = Release|Any CPU
		{46BA906F-ECA9-4CD3-BC90-4CB6F30C84C6}.Debug|Any CPU.ActiveCfg = Debug|Any CPU
		{46BA906F-ECA9-4CD3-BC90-4CB6F30C84C6}.Debug|Any CPU.Build.0 = Debug|Any CPU
		{46BA906F-ECA9-4CD3-BC90-4CB6F30C84C6}.Debug|Mixed Platforms.ActiveCfg = Debug|Any CPU
		{46BA906F-ECA9-4CD3-BC90-4CB6F30C84C6}.Debug|Mixed Platforms.Build.0 = Debug|Any CPU
		{46BA906F-ECA9-4CD3-BC90-4CB6F30C84C6}.Debug|x86.ActiveCfg = Debug|Any CPU
		{46BA906F-ECA9-4CD3-BC90-4CB6F30C84C6}.Debug|x86.Build.0 = Debug|Any CPU
		{46BA906F-ECA9-4CD3-BC90-4CB6F30C84C6}.Release|Any CPU.ActiveCfg = Release|Any CPU
		{46BA906F-ECA9-4CD3-BC90-4CB6F30C84C6}.Release|Any CPU.Build.0 = Release|Any CPU
		{46BA906F-ECA9-4CD3-BC90-4CB6F30C84C6}.Release|Mixed Platforms.ActiveCfg = Release|Any CPU
		{46BA906F-ECA9-4CD3-BC90-4CB6F30C84C6}.Release|Mixed Platforms.Build.0 = Release|Any CPU
		{46BA906F-ECA9-4CD3-BC90-4CB6F30C84C6}.Release|x86.ActiveCfg = Release|Any CPU
		{46BA906F-ECA9-4CD3-BC90-4CB6F30C84C6}.Release|x86.Build.0 = Release|Any CPU
		{A6887F7D-9B92-4C9C-9893-1EC4826300A8}.Debug|Any CPU.ActiveCfg = Debug|Any CPU
		{A6887F7D-9B92-4C9C-9893-1EC4826300A8}.Debug|Any CPU.Build.0 = Debug|Any CPU
		{A6887F7D-9B92-4C9C-9893-1EC4826300A8}.Debug|Mixed Platforms.ActiveCfg = Debug|Any CPU
		{A6887F7D-9B92-4C9C-9893-1EC4826300A8}.Debug|Mixed Platforms.Build.0 = Debug|Any CPU
		{A6887F7D-9B92-4C9C-9893-1EC4826300A8}.Debug|x86.ActiveCfg = Debug|Any CPU
		{A6887F7D-9B92-4C9C-9893-1EC4826300A8}.Debug|x86.Build.0 = Debug|Any CPU
		{A6887F7D-9B92-4C9C-9893-1EC4826300A8}.Release|Any CPU.ActiveCfg = Release|Any CPU
		{A6887F7D-9B92-4C9C-9893-1EC4826300A8}.Release|Any CPU.Build.0 = Release|Any CPU
		{A6887F7D-9B92-4C9C-9893-1EC4826300A8}.Release|Mixed Platforms.ActiveCfg = Release|Any CPU
		{A6887F7D-9B92-4C9C-9893-1EC4826300A8}.Release|Mixed Platforms.Build.0 = Release|Any CPU
		{A6887F7D-9B92-4C9C-9893-1EC4826300A8}.Release|x86.ActiveCfg = Release|Any CPU
		{A6887F7D-9B92-4C9C-9893-1EC4826300A8}.Release|x86.Build.0 = Release|Any CPU
		{19CEFC1C-D111-42E0-93C2-7DC8338FB886}.Debug|Any CPU.ActiveCfg = Debug|Any CPU
		{19CEFC1C-D111-42E0-93C2-7DC8338FB886}.Debug|Any CPU.Build.0 = Debug|Any CPU
		{19CEFC1C-D111-42E0-93C2-7DC8338FB886}.Debug|Mixed Platforms.ActiveCfg = Debug|Any CPU
		{19CEFC1C-D111-42E0-93C2-7DC8338FB886}.Debug|Mixed Platforms.Build.0 = Debug|Any CPU
		{19CEFC1C-D111-42E0-93C2-7DC8338FB886}.Debug|x86.ActiveCfg = Debug|Any CPU
		{19CEFC1C-D111-42E0-93C2-7DC8338FB886}.Debug|x86.Build.0 = Debug|Any CPU
		{19CEFC1C-D111-42E0-93C2-7DC8338FB886}.Release|Any CPU.ActiveCfg = Release|Any CPU
		{19CEFC1C-D111-42E0-93C2-7DC8338FB886}.Release|Any CPU.Build.0 = Release|Any CPU
		{19CEFC1C-D111-42E0-93C2-7DC8338FB886}.Release|Mixed Platforms.ActiveCfg = Release|Any CPU
		{19CEFC1C-D111-42E0-93C2-7DC8338FB886}.Release|Mixed Platforms.Build.0 = Release|Any CPU
		{19CEFC1C-D111-42E0-93C2-7DC8338FB886}.Release|x86.ActiveCfg = Release|Any CPU
		{19CEFC1C-D111-42E0-93C2-7DC8338FB886}.Release|x86.Build.0 = Release|Any CPU
		{F5CA1ECD-7EED-4BAD-AD2B-F9A441B88E73}.Debug|Any CPU.ActiveCfg = Debug|Any CPU
		{F5CA1ECD-7EED-4BAD-AD2B-F9A441B88E73}.Debug|Any CPU.Build.0 = Debug|Any CPU
		{F5CA1ECD-7EED-4BAD-AD2B-F9A441B88E73}.Debug|Mixed Platforms.ActiveCfg = Debug|Any CPU
		{F5CA1ECD-7EED-4BAD-AD2B-F9A441B88E73}.Debug|Mixed Platforms.Build.0 = Debug|Any CPU
		{F5CA1ECD-7EED-4BAD-AD2B-F9A441B88E73}.Debug|x86.ActiveCfg = Debug|Any CPU
		{F5CA1ECD-7EED-4BAD-AD2B-F9A441B88E73}.Debug|x86.Build.0 = Debug|Any CPU
		{F5CA1ECD-7EED-4BAD-AD2B-F9A441B88E73}.Release|Any CPU.ActiveCfg = Release|Any CPU
		{F5CA1ECD-7EED-4BAD-AD2B-F9A441B88E73}.Release|Any CPU.Build.0 = Release|Any CPU
		{F5CA1ECD-7EED-4BAD-AD2B-F9A441B88E73}.Release|Mixed Platforms.ActiveCfg = Release|Any CPU
		{F5CA1ECD-7EED-4BAD-AD2B-F9A441B88E73}.Release|Mixed Platforms.Build.0 = Release|Any CPU
		{F5CA1ECD-7EED-4BAD-AD2B-F9A441B88E73}.Release|x86.ActiveCfg = Release|Any CPU
		{F5CA1ECD-7EED-4BAD-AD2B-F9A441B88E73}.Release|x86.Build.0 = Release|Any CPU
		{DD785082-EE98-441E-B0F5-E05011B600B3}.Debug|Any CPU.ActiveCfg = Debug|Any CPU
		{DD785082-EE98-441E-B0F5-E05011B600B3}.Debug|Any CPU.Build.0 = Debug|Any CPU
		{DD785082-EE98-441E-B0F5-E05011B600B3}.Debug|Mixed Platforms.ActiveCfg = Debug|Any CPU
		{DD785082-EE98-441E-B0F5-E05011B600B3}.Debug|Mixed Platforms.Build.0 = Debug|Any CPU
		{DD785082-EE98-441E-B0F5-E05011B600B3}.Debug|x86.ActiveCfg = Debug|Any CPU
		{DD785082-EE98-441E-B0F5-E05011B600B3}.Debug|x86.Build.0 = Debug|Any CPU
		{DD785082-EE98-441E-B0F5-E05011B600B3}.Release|Any CPU.ActiveCfg = Release|Any CPU
		{DD785082-EE98-441E-B0F5-E05011B600B3}.Release|Any CPU.Build.0 = Release|Any CPU
		{DD785082-EE98-441E-B0F5-E05011B600B3}.Release|Mixed Platforms.ActiveCfg = Release|Any CPU
		{DD785082-EE98-441E-B0F5-E05011B600B3}.Release|Mixed Platforms.Build.0 = Release|Any CPU
		{DD785082-EE98-441E-B0F5-E05011B600B3}.Release|x86.ActiveCfg = Release|Any CPU
		{DD785082-EE98-441E-B0F5-E05011B600B3}.Release|x86.Build.0 = Release|Any CPU
		{EBB6E6F1-9F28-43A6-A6C3-29ADDBF43D48}.Debug|Any CPU.ActiveCfg = Debug|Any CPU
		{EBB6E6F1-9F28-43A6-A6C3-29ADDBF43D48}.Debug|Any CPU.Build.0 = Debug|Any CPU
		{EBB6E6F1-9F28-43A6-A6C3-29ADDBF43D48}.Debug|Mixed Platforms.ActiveCfg = Debug|Any CPU
		{EBB6E6F1-9F28-43A6-A6C3-29ADDBF43D48}.Debug|Mixed Platforms.Build.0 = Debug|Any CPU
		{EBB6E6F1-9F28-43A6-A6C3-29ADDBF43D48}.Debug|x86.ActiveCfg = Debug|Any CPU
		{EBB6E6F1-9F28-43A6-A6C3-29ADDBF43D48}.Debug|x86.Build.0 = Debug|Any CPU
		{EBB6E6F1-9F28-43A6-A6C3-29ADDBF43D48}.Release|Any CPU.ActiveCfg = Release|Any CPU
		{EBB6E6F1-9F28-43A6-A6C3-29ADDBF43D48}.Release|Any CPU.Build.0 = Release|Any CPU
		{EBB6E6F1-9F28-43A6-A6C3-29ADDBF43D48}.Release|Mixed Platforms.ActiveCfg = Release|Any CPU
		{EBB6E6F1-9F28-43A6-A6C3-29ADDBF43D48}.Release|Mixed Platforms.Build.0 = Release|Any CPU
		{EBB6E6F1-9F28-43A6-A6C3-29ADDBF43D48}.Release|x86.ActiveCfg = Release|Any CPU
		{EBB6E6F1-9F28-43A6-A6C3-29ADDBF43D48}.Release|x86.Build.0 = Release|Any CPU
	EndGlobalSection
	GlobalSection(SolutionProperties) = preSolution
		HideSolutionNode = FALSE
	EndGlobalSection
	GlobalSection(NestedProjects) = preSolution
		{0A0DF543-94F3-47BD-BC49-B45D62BBFE0D} = {F7B30EA8-8FF5-4902-8720-4FBCE3BB347E}
		{71A86AED-A962-4EB7-AFC0-4830055D1876} = {7E538AB4-EBDE-4872-8C0B-427385941350}
		{19785D4B-91B0-4BA1-B7B9-6F07234AC5BD} = {7E538AB4-EBDE-4872-8C0B-427385941350}
		{90CA71D9-1529-44E9-934F-320BD663DA0F} = {7E538AB4-EBDE-4872-8C0B-427385941350}
		{6CE203DE-5E11-4B39-92D1-AE18D0C5B221} = {16A11862-16F3-45D0-9C5C-2B886889FA31}
		{1889CE9A-00B7-4BAA-A804-7329932C17DE} = {7E538AB4-EBDE-4872-8C0B-427385941350}
		{4D1163E8-82C8-4517-92C0-1D9AE146CC14} = {7E538AB4-EBDE-4872-8C0B-427385941350}
		{46BA906F-ECA9-4CD3-BC90-4CB6F30C84C6} = {7E538AB4-EBDE-4872-8C0B-427385941350}
		{A6887F7D-9B92-4C9C-9893-1EC4826300A8} = {7E538AB4-EBDE-4872-8C0B-427385941350}
		{19CEFC1C-D111-42E0-93C2-7DC8338FB886} = {7E538AB4-EBDE-4872-8C0B-427385941350}
		{F5CA1ECD-7EED-4BAD-AD2B-F9A441B88E73} = {F7B30EA8-8FF5-4902-8720-4FBCE3BB347E}
		{DD785082-EE98-441E-B0F5-E05011B600B3} = {F7B30EA8-8FF5-4902-8720-4FBCE3BB347E}
		{EBB6E6F1-9F28-43A6-A6C3-29ADDBF43D48} = {7E538AB4-EBDE-4872-8C0B-427385941350}
	EndGlobalSection
	GlobalSection(ExtensibilityGlobals) = postSolution
		EnterpriseLibraryConfigurationToolBinariesPath = packages\Unity.2.1.505.2\lib\NET35;packages\Unity.Interception.2.1.505.2\lib\NET35;packages\EnterpriseLibrary.Common.5.0.505.0\lib\NET35;packages\EnterpriseLibrary.Caching.5.0.505.0\lib\NET35
		SolutionGuid = {98FEC33B-3ED7-4F27-8A0D-ABC8F36D2B99}
	EndGlobalSection
	GlobalSection(TestCaseManagementSettings) = postSolution
		CategoryFile = ESalePos.vsmdi
	EndGlobalSection
EndGlobal
