
Microsoft Visual Studio Solution File, Format Version 12.00
# Visual Studio 15
VisualStudioVersion = 15.0.27703.2035
MinimumVisualStudioVersion = 10.0.40219.1
Project("{2150E333-8FDC-42A3-9474-1A3956D46DE8}") = "CommonLib", "CommonLib", "{BF56B14A-DDA7-4BD2-A46E-ABD3D436B0E8}"
EndProject
Project("{2150E333-8FDC-42A3-9474-1A3956D46DE8}") = "ActiveX", "ActiveX", "{2E96AE45-AF6F-43B4-A0A9-72853753D345}"
EndProject
Project("{2150E333-8FDC-42A3-9474-1A3956D46DE8}") = "AxLogging.Server", "AxLogging.Server", "{E10EFDF5-50AA-4522-88F6-8A0D9CAB5667}"
EndProject
Project("{2150E333-8FDC-42A3-9474-1A3956D46DE8}") = "ServiceCore", "ServiceCore", "{B66BEC57-A431-4AAB-AB4B-C3DCD8826D12}"
EndProject
Project("{2150E333-8FDC-42A3-9474-1A3956D46DE8}") = "AxCaching", "AxCaching", "{3161DCBF-86A3-44AC-9637-3C4AA83616CC}"
EndProject
Project("{2150E333-8FDC-42A3-9474-1A3956D46DE8}") = "eHCMSConfig", "eHCMSConfig", "{BFDE691D-A64B-4AFB-8FD5-4A4ADCCA01E1}"
EndProject
Project("{2150E333-8FDC-42A3-9474-1A3956D46DE8}") = "ErrorLibrary", "ErrorLibrary", "{A0C3BC43-F537-4B6A-A30E-BD0812A710B2}"
EndProject
Project("{2150E333-8FDC-42A3-9474-1A3956D46DE8}") = "ServiceBase", "ServiceBase", "{CD5E5B2B-C87A-4BC5-A19F-936BB62089E9}"
EndProject
Project("{2150E333-8FDC-42A3-9474-1A3956D46DE8}") = "SqlExtensionLib", "SqlExtensionLib", "{08BE8F69-794E-4D36-9252-F909DF1B9631}"
EndProject
Project("{2150E333-8FDC-42A3-9474-1A3956D46DE8}") = "DataAccess", "DataAccess", "{76508329-8842-4498-8829-F3E34FAEC334}"
EndProject
Project("{2150E333-8FDC-42A3-9474-1A3956D46DE8}") = "AccessBase", "AccessBase", "{0987850E-1722-425B-960B-8F60D1CFB58C}"
EndProject
Project("{2150E333-8FDC-42A3-9474-1A3956D46DE8}") = "DataEntities", "DataEntities", "{C01692D4-223D-449E-9431-6EEC88C1E69D}"
EndProject
Project("{2150E333-8FDC-42A3-9474-1A3956D46DE8}") = "CommonProvider", "CommonProvider", "{B331A776-12A7-4B4E-A61F-5172AC8B7C39}"
EndProject
Project("{2150E333-8FDC-42A3-9474-1A3956D46DE8}") = "AppointmentProviders", "AppointmentProviders", "{6BD5973A-7C7D-4924-BD8D-972965C2E110}"
EndProject
Project("{2150E333-8FDC-42A3-9474-1A3956D46DE8}") = "ConfigurationManagerProviders", "ConfigurationManagerProviders", "{1CD6B6A2-1D3C-48C5-BF3E-3154B4EDDF6C}"
EndProject
Project("{2150E333-8FDC-42A3-9474-1A3956D46DE8}") = "ConsultationProviders", "ConsultationProviders", "{87AAAE87-C21B-470E-8DAB-11C98B2F537C}"
EndProject
Project("{2150E333-8FDC-42A3-9474-1A3956D46DE8}") = "DispMedRscrProviders", "DispMedRscrProviders", "{669175AF-F797-4DFE-8B8C-0399EF20E286}"
EndProject
Project("{2150E333-8FDC-42A3-9474-1A3956D46DE8}") = "PatientProviders", "PatientProviders", "{AD9576EC-EA36-4773-AAFE-896DAC05D84E}"
EndProject
Project("{2150E333-8FDC-42A3-9474-1A3956D46DE8}") = "PharmacyProviders", "PharmacyProviders", "{77309A70-A4A4-4BF0-8505-4CAFC1A1ADC1}"
EndProject
Project("{2150E333-8FDC-42A3-9474-1A3956D46DE8}") = "ResourcesManagement", "ResourcesManagement", "{A07A3A5A-CB62-4CDD-91C9-185B7D778303}"
EndProject
Project("{2150E333-8FDC-42A3-9474-1A3956D46DE8}") = "TransactionProviders", "TransactionProviders", "{AB224AF7-06B1-4B12-A0E1-7185FA0ECF7C}"
EndProject
Project("{2150E333-8FDC-42A3-9474-1A3956D46DE8}") = "UserProviders", "UserProviders", "{C89D7B38-6882-4B02-B6B6-EFDD3F649744}"
EndProject
Project("{2150E333-8FDC-42A3-9474-1A3956D46DE8}") = "UserManagementService", "UserManagementService", "{68A2D3F0-88EF-4F8B-86E5-16FED9CEACE1}"
EndProject
Project("{2150E333-8FDC-42A3-9474-1A3956D46DE8}") = "EventManagementService", "EventManagementService", "{E6053640-76E9-45FE-A1D9-A9A89DBB4800}"
EndProject
Project("{2150E333-8FDC-42A3-9474-1A3956D46DE8}") = "CommonServices", "CommonServices", "{681EF947-28A8-43AE-9AD6-27F2B442C432}"
EndProject
Project("{2150E333-8FDC-42A3-9474-1A3956D46DE8}") = "AppointmentService", "AppointmentService", "{1A8FA27B-B604-4C91-85A4-CC36A400B4EC}"
EndProject
Project("{2150E333-8FDC-42A3-9474-1A3956D46DE8}") = "ConfigurationService", "ConfigurationService", "{CD98B352-F42A-4ABB-8D67-85DF2AAD82D5}"
EndProject
Project("{2150E333-8FDC-42A3-9474-1A3956D46DE8}") = "ConsultationService", "ConsultationService", "{1DFCC1E5-3F79-4E31-A70F-E4D0F0A30A59}"
EndProject
Project("{2150E333-8FDC-42A3-9474-1A3956D46DE8}") = "RegistrationService", "RegistrationService", "{81DC7674-FD4E-4F8A-B8B7-08BB1A09A683}"
EndProject
Project("{2150E333-8FDC-42A3-9474-1A3956D46DE8}") = "DrugService", "DrugService", "{F3858FE7-AFB3-4DA2-B21B-FC99373D5513}"
EndProject
Project("{2150E333-8FDC-42A3-9474-1A3956D46DE8}") = "ResourceManagerService", "ResourceManagerService", "{9E07A5A6-4D76-4CD1-AB12-2048A0081274}"
EndProject
Project("{2150E333-8FDC-42A3-9474-1A3956D46DE8}") = "Transactionservice", "Transactionservice", "{4F6BA4C2-0ED9-44D1-914F-1DFA79F714B8}"
EndProject
Project("{2150E333-8FDC-42A3-9474-1A3956D46DE8}") = "ClinicManagementProvider", "ClinicManagementProvider", "{E2DEAA16-110B-4CAC-8AFC-F520BFCA2200}"
EndProject
Project("{2150E333-8FDC-42A3-9474-1A3956D46DE8}") = "ClinicManagementService", "ClinicManagementService", "{0D4FAA9B-CD5E-473F-BBFF-271683E12994}"
EndProject
Project("{2150E333-8FDC-42A3-9474-1A3956D46DE8}") = "eHCMSBillPaymt", "eHCMSBillPaymt", "{C922066E-77E7-42AE-BA7F-21A99535C931}"
EndProject
Project("{2150E333-8FDC-42A3-9474-1A3956D46DE8}") = "BillingPaymentService", "BillingPaymentService", "{4EB8E3CC-FC44-4AF5-9CF7-3C38D86A3AF5}"
EndProject
Project("{2150E333-8FDC-42A3-9474-1A3956D46DE8}") = "CommonServices_V2", "CommonServices_V2", "{FAAF35A4-F6E2-4A7D-ABBC-76693F04DD37}"
EndProject
Project("{54435603-DBB4-11D2-8724-00A0C9A8B90C}") = "AxPrintingInstaller", "CommonLib\ActiveX\AxPrintingInstaller\AxPrintingInstaller.vdproj", "{97D9DE56-A083-4351-B29F-71239A013C84}"
EndProject
Project("{FAE04EC0-301F-11D3-BF4B-00C04F79EFBC}") = "ActiveX.Logger", "CommonLib\ActiveX\ActiveX.Logger\ActiveX.Logger.csproj", "{FF7621EF-A3DE-4546-8B92-444075890DAE}"
	ProjectSection(ProjectDependencies) = postProject
		{33D478B4-CCA9-4CAA-AB7E-E5C50B1635AD} = {33D478B4-CCA9-4CAA-AB7E-E5C50B1635AD}
	EndProjectSection
EndProject
Project("{FAE04EC0-301F-11D3-BF4B-00C04F79EFBC}") = "AxLogging.Server", "CommonLib\AxLogging.Server\AxLogging.Server.csproj", "{5273DA3F-404E-43F2-BAF6-BA1B710FBE81}"
	ProjectSection(ProjectDependencies) = postProject
		{F360FE7C-95B4-4905-B284-4FA1BAE87990} = {F360FE7C-95B4-4905-B284-4FA1BAE87990}
	EndProjectSection
EndProject
Project("{FAE04EC0-301F-11D3-BF4B-00C04F79EFBC}") = "Service.Core.Server", "CommonLib\ServiceCore\Service.Core.Server\Service.Core.Server.csproj", "{F360FE7C-95B4-4905-B284-4FA1BAE87990}"
EndProject
Project("{FAE04EC0-301F-11D3-BF4B-00C04F79EFBC}") = "AxCaching", "CommonLib\AxCaching\AxCaching.csproj", "{B1168E7A-8BAC-46B6-9249-F1443724502F}"
EndProject
Project("{FAE04EC0-301F-11D3-BF4B-00C04F79EFBC}") = "eHCMSConfig", "CommonLib\eHCMSConfig\eHCMSConfig\eHCMSConfig.csproj", "{4FA5E0B4-2B4E-448A-AF47-4DEB2D0DC409}"
	ProjectSection(ProjectDependencies) = postProject
		{B1168E7A-8BAC-46B6-9249-F1443724502F} = {B1168E7A-8BAC-46B6-9249-F1443724502F}
	EndProjectSection
EndProject
Project("{FAE04EC0-301F-11D3-BF4B-00C04F79EFBC}") = "ErrorLibrary", "CommonLib\ErrorLibrary\ErrorLibrary.csproj", "{33D478B4-CCA9-4CAA-AB7E-E5C50B1635AD}"
EndProject
Project("{FAE04EC0-301F-11D3-BF4B-00C04F79EFBC}") = "WCFServiceBase", "CommonLib\ServiceBase\WCFServiceBase.csproj", "{90D5AF47-5521-4527-AED0-6C27AFE3FCC5}"
	ProjectSection(ProjectDependencies) = postProject
		{17B4C6A8-6E0A-496D-BBB4-E3D64F916BBD} = {17B4C6A8-6E0A-496D-BBB4-E3D64F916BBD}
	EndProjectSection
EndProject
Project("{FAE04EC0-301F-11D3-BF4B-00C04F79EFBC}") = "SqlExtensionLib", "CommonLib\SqlExtensionLib\SqlExtensionLib\SqlExtensionLib.csproj", "{17B4C6A8-6E0A-496D-BBB4-E3D64F916BBD}"
EndProject
Project("{FAE04EC0-301F-11D3-BF4B-00C04F79EFBC}") = "DataEntities.Server", "DataAccess\DataEntities\DataEntities.Server\DataEntities.Server.csproj", "{3EA06575-9491-4F09-B4EC-F1712F095972}"
	ProjectSection(ProjectDependencies) = postProject
		{F360FE7C-95B4-4905-B284-4FA1BAE87990} = {F360FE7C-95B4-4905-B284-4FA1BAE87990}
		{4FA5E0B4-2B4E-448A-AF47-4DEB2D0DC409} = {4FA5E0B4-2B4E-448A-AF47-4DEB2D0DC409}
	EndProjectSection
EndProject
Project("{FAE04EC0-301F-11D3-BF4B-00C04F79EFBC}") = "UserManagementService", "UserManagementService\UserManagementService\UserManagementService.csproj", "{A17EBC9A-941C-4C32-BCF9-4A02453FD7FD}"
	ProjectSection(ProjectDependencies) = postProject
		{9DBE5893-1E19-4FDC-8DA0-ED7226418F33} = {9DBE5893-1E19-4FDC-8DA0-ED7226418F33}
	EndProjectSection
EndProject
Project("{FAE04EC0-301F-11D3-BF4B-00C04F79EFBC}") = "SessionManagerService", "UserManagementService\SessionManagerService\SessionManagerService.csproj", "{D9CC0595-4E1A-496E-BA3F-9C8C27425B13}"
	ProjectSection(ProjectDependencies) = postProject
		{A17EBC9A-941C-4C32-BCF9-4A02453FD7FD} = {A17EBC9A-941C-4C32-BCF9-4A02453FD7FD}
	EndProjectSection
EndProject
Project("{FAE04EC0-301F-11D3-BF4B-00C04F79EFBC}") = "EventManagementService", "UserManagementService\EventManagementService\EventManagementService.csproj", "{79018C1A-2EB8-4265-83F0-DCFDE8CAA924}"
EndProject
Project("{FAE04EC0-301F-11D3-BF4B-00C04F79EFBC}") = "AppointmentService", "AppointmentService\AppointmentService\AppointmentService\AppointmentService.csproj", "{186808B5-6284-40C3-89DE-E573BA9BE3EF}"
	ProjectSection(ProjectDependencies) = postProject
		{D9CC0595-4E1A-496E-BA3F-9C8C27425B13} = {D9CC0595-4E1A-496E-BA3F-9C8C27425B13}
	EndProjectSection
EndProject
Project("{FAE04EC0-301F-11D3-BF4B-00C04F79EFBC}") = "ConfigurationManagerService", "ConfigurationService\ConfigurationManagerService.csproj", "{577AAD9A-EDC0-412D-BB2A-0B8A1F2654FD}"
EndProject
Project("{FAE04EC0-301F-11D3-BF4B-00C04F79EFBC}") = "ConsultationsService", "ConsultationService\ConsultationsService.csproj", "{5FD033F7-CAD4-4774-9DD6-4826CB6A4F82}"
	ProjectSection(ProjectDependencies) = postProject
		{577AAD9A-EDC0-412D-BB2A-0B8A1F2654FD} = {577AAD9A-EDC0-412D-BB2A-0B8A1F2654FD}
	EndProjectSection
EndProject
Project("{FAE04EC0-301F-11D3-BF4B-00C04F79EFBC}") = "PatientRegistrationService", "RegistrationService\PatientRegistrationService.csproj", "{66618C57-36E2-4B11-8EE6-31A43DCD3066}"
	ProjectSection(ProjectDependencies) = postProject
		{5FCC4A19-9EDE-4800-AC43-7772390F35A6} = {5FCC4A19-9EDE-4800-AC43-7772390F35A6}
	EndProjectSection
EndProject
Project("{FAE04EC0-301F-11D3-BF4B-00C04F79EFBC}") = "PharmacyService", "DrugService\PharmacyService\PharmacyService.csproj", "{5FCC4A19-9EDE-4800-AC43-7772390F35A6}"
	ProjectSection(ProjectDependencies) = postProject
		{550A03CC-8835-49E0-AA44-D35D72AB23CD} = {550A03CC-8835-49E0-AA44-D35D72AB23CD}
	EndProjectSection
EndProject
Project("{FAE04EC0-301F-11D3-BF4B-00C04F79EFBC}") = "DispMedRscrService", "DrugService\DispMedRscrService\DispMedRscrService.csproj", "{550A03CC-8835-49E0-AA44-D35D72AB23CD}"
	ProjectSection(ProjectDependencies) = postProject
		{5FD033F7-CAD4-4774-9DD6-4826CB6A4F82} = {5FD033F7-CAD4-4774-9DD6-4826CB6A4F82}
	EndProjectSection
EndProject
Project("{FAE04EC0-301F-11D3-BF4B-00C04F79EFBC}") = "ResourcesService", "ResourceManagerService\ResourcesService.csproj", "{4A8C36C2-263B-4F6B-AA8F-BECC246C4AAC}"
	ProjectSection(ProjectDependencies) = postProject
		{5273DA3F-404E-43F2-BAF6-BA1B710FBE81} = {5273DA3F-404E-43F2-BAF6-BA1B710FBE81}
		{90D5AF47-5521-4527-AED0-6C27AFE3FCC5} = {90D5AF47-5521-4527-AED0-6C27AFE3FCC5}
	EndProjectSection
EndProject
Project("{FAE04EC0-301F-11D3-BF4B-00C04F79EFBC}") = "TransactionService", "TransactionService\TransactionService.csproj", "{9DBE5893-1E19-4FDC-8DA0-ED7226418F33}"
	ProjectSection(ProjectDependencies) = postProject
		{4A8C36C2-263B-4F6B-AA8F-BECC246C4AAC} = {4A8C36C2-263B-4F6B-AA8F-BECC246C4AAC}
	EndProjectSection
EndProject
Project("{FAE04EC0-301F-11D3-BF4B-00C04F79EFBC}") = "ClinicManagementService", "ClinicManagementService\ClinicManagementService\ClinicManagementService.csproj", "{2CC643D4-DE83-449D-81B9-2844DBAA2BFE}"
EndProject
Project("{54435603-DBB4-11D2-8724-00A0C9A8B90C}") = "AxClientLoggerInstaller", "CommonLib\ActiveX\AxClientLoggerInstaller\AxClientLoggerInstaller.vdproj", "{5B0D0B86-9E96-4EDD-9EF0-3EC1BD1FD630}"
EndProject
Project("{FAE04EC0-301F-11D3-BF4B-00C04F79EFBC}") = "eHCMSBillPaymt", "CommonLib\eHCMSBillPaymt\eHCMSBillPaymt\eHCMSBillPaymt.csproj", "{B0A3872F-3269-4725-9EC2-0A51B2F1A22F}"
	ProjectSection(ProjectDependencies) = postProject
		{3EA06575-9491-4F09-B4EC-F1712F095972} = {3EA06575-9491-4F09-B4EC-F1712F095972}
	EndProjectSection
EndProject
Project("{FAE04EC0-301F-11D3-BF4B-00C04F79EFBC}") = "BillingPaymentWcfServiceLib", "BillingPaymentService\BillingPaymentWcfServiceLib\BillingPaymentWcfServiceLib.csproj", "{973188B4-E123-4EB4-92C9-C7143B2BF415}"
	ProjectSection(ProjectDependencies) = postProject
		{B0A3872F-3269-4725-9EC2-0A51B2F1A22F} = {B0A3872F-3269-4725-9EC2-0A51B2F1A22F}
		{90D5AF47-5521-4527-AED0-6C27AFE3FCC5} = {90D5AF47-5521-4527-AED0-6C27AFE3FCC5}
		{3EA06575-9491-4F09-B4EC-F1712F095972} = {3EA06575-9491-4F09-B4EC-F1712F095972}
	EndProjectSection
EndProject
Project("{FAE04EC0-301F-11D3-BF4B-00C04F79EFBC}") = "CommonServices_V2", "CommonServices_V2\CommonServices_V2\CommonServices_V2.csproj", "{49DDDC1E-08ED-405E-91E1-FA3DCF42DD49}"
	ProjectSection(ProjectDependencies) = postProject
		{90D5AF47-5521-4527-AED0-6C27AFE3FCC5} = {90D5AF47-5521-4527-AED0-6C27AFE3FCC5}
		{3EA06575-9491-4F09-B4EC-F1712F095972} = {3EA06575-9491-4F09-B4EC-F1712F095972}
	EndProjectSection
EndProject
Project("{2150E333-8FDC-42A3-9474-1A3956D46DE8}") = "aEMRLanguage", "aEMRLanguage", "{701C3595-99A4-44F5-87A1-7904D70E71E3}"
EndProject
Project("{FAE04EC0-301F-11D3-BF4B-00C04F79EFBC}") = "aEMRLanguage", "CommonLib\aEMRLanguage\aEMRLanguage.csproj", "{D3B0D147-DE7C-47A8-AED0-91E92B794A27}"
EndProject
Project("{2150E333-8FDC-42A3-9474-1A3956D46DE8}") = "DataAccessLayerProviders", "DataAccessLayerProviders", "{10D56D5E-3CCF-457C-9516-DC24D7878B9F}"
EndProject
Project("{FAE04EC0-301F-11D3-BF4B-00C04F79EFBC}") = "DataAccessLayerProviders", "DataAccess\DataAccessLayerProviders\DataAccessLayerProviders.csproj", "{A6371707-FC32-4962-A396-E1B60781397D}"
EndProject
Global
	GlobalSection(SolutionConfigurationPlatforms) = preSolution
		Debug|Any CPU = Debug|Any CPU
		Debug|x86 = Debug|x86
		Release|Any CPU = Release|Any CPU
		Release|x86 = Release|x86
	EndGlobalSection
	GlobalSection(ProjectConfigurationPlatforms) = postSolution
		{97D9DE56-A083-4351-B29F-71239A013C84}.Debug|Any CPU.ActiveCfg = Debug
		{97D9DE56-A083-4351-B29F-71239A013C84}.Debug|Any CPU.Build.0 = Debug
		{97D9DE56-A083-4351-B29F-71239A013C84}.Debug|x86.ActiveCfg = Debug
		{97D9DE56-A083-4351-B29F-71239A013C84}.Debug|x86.Build.0 = Debug
		{97D9DE56-A083-4351-B29F-71239A013C84}.Release|Any CPU.ActiveCfg = Release
		{97D9DE56-A083-4351-B29F-71239A013C84}.Release|Any CPU.Build.0 = Release
		{97D9DE56-A083-4351-B29F-71239A013C84}.Release|x86.ActiveCfg = Release
		{97D9DE56-A083-4351-B29F-71239A013C84}.Release|x86.Build.0 = Release
		{FF7621EF-A3DE-4546-8B92-444075890DAE}.Debug|Any CPU.ActiveCfg = Debug|Any CPU
		{FF7621EF-A3DE-4546-8B92-444075890DAE}.Debug|Any CPU.Build.0 = Debug|Any CPU
		{FF7621EF-A3DE-4546-8B92-444075890DAE}.Debug|x86.ActiveCfg = Debug|Any CPU
		{FF7621EF-A3DE-4546-8B92-444075890DAE}.Release|Any CPU.ActiveCfg = Release|Any CPU
		{FF7621EF-A3DE-4546-8B92-444075890DAE}.Release|Any CPU.Build.0 = Release|Any CPU
		{FF7621EF-A3DE-4546-8B92-444075890DAE}.Release|x86.ActiveCfg = Release|Any CPU
		{5273DA3F-404E-43F2-BAF6-BA1B710FBE81}.Debug|Any CPU.ActiveCfg = Debug|Any CPU
		{5273DA3F-404E-43F2-BAF6-BA1B710FBE81}.Debug|Any CPU.Build.0 = Debug|Any CPU
		{5273DA3F-404E-43F2-BAF6-BA1B710FBE81}.Debug|x86.ActiveCfg = Debug|Any CPU
		{5273DA3F-404E-43F2-BAF6-BA1B710FBE81}.Release|Any CPU.ActiveCfg = Release|Any CPU
		{5273DA3F-404E-43F2-BAF6-BA1B710FBE81}.Release|Any CPU.Build.0 = Release|Any CPU
		{5273DA3F-404E-43F2-BAF6-BA1B710FBE81}.Release|x86.ActiveCfg = Release|Any CPU
		{F360FE7C-95B4-4905-B284-4FA1BAE87990}.Debug|Any CPU.ActiveCfg = Debug|Any CPU
		{F360FE7C-95B4-4905-B284-4FA1BAE87990}.Debug|Any CPU.Build.0 = Debug|Any CPU
		{F360FE7C-95B4-4905-B284-4FA1BAE87990}.Debug|x86.ActiveCfg = Debug|Any CPU
		{F360FE7C-95B4-4905-B284-4FA1BAE87990}.Release|Any CPU.ActiveCfg = Release|Any CPU
		{F360FE7C-95B4-4905-B284-4FA1BAE87990}.Release|Any CPU.Build.0 = Release|Any CPU
		{F360FE7C-95B4-4905-B284-4FA1BAE87990}.Release|x86.ActiveCfg = Release|Any CPU
		{B1168E7A-8BAC-46B6-9249-F1443724502F}.Debug|Any CPU.ActiveCfg = Debug|Any CPU
		{B1168E7A-8BAC-46B6-9249-F1443724502F}.Debug|Any CPU.Build.0 = Debug|Any CPU
		{B1168E7A-8BAC-46B6-9249-F1443724502F}.Debug|x86.ActiveCfg = Debug|Any CPU
		{B1168E7A-8BAC-46B6-9249-F1443724502F}.Release|Any CPU.ActiveCfg = Release|Any CPU
		{B1168E7A-8BAC-46B6-9249-F1443724502F}.Release|Any CPU.Build.0 = Release|Any CPU
		{B1168E7A-8BAC-46B6-9249-F1443724502F}.Release|x86.ActiveCfg = Release|Any CPU
		{4FA5E0B4-2B4E-448A-AF47-4DEB2D0DC409}.Debug|Any CPU.ActiveCfg = Debug|Any CPU
		{4FA5E0B4-2B4E-448A-AF47-4DEB2D0DC409}.Debug|Any CPU.Build.0 = Debug|Any CPU
		{4FA5E0B4-2B4E-448A-AF47-4DEB2D0DC409}.Debug|x86.ActiveCfg = Debug|Any CPU
		{4FA5E0B4-2B4E-448A-AF47-4DEB2D0DC409}.Release|Any CPU.ActiveCfg = Release|Any CPU
		{4FA5E0B4-2B4E-448A-AF47-4DEB2D0DC409}.Release|Any CPU.Build.0 = Release|Any CPU
		{4FA5E0B4-2B4E-448A-AF47-4DEB2D0DC409}.Release|x86.ActiveCfg = Release|Any CPU
		{33D478B4-CCA9-4CAA-AB7E-E5C50B1635AD}.Debug|Any CPU.ActiveCfg = Debug|Any CPU
		{33D478B4-CCA9-4CAA-AB7E-E5C50B1635AD}.Debug|Any CPU.Build.0 = Debug|Any CPU
		{33D478B4-CCA9-4CAA-AB7E-E5C50B1635AD}.Debug|x86.ActiveCfg = Debug|Any CPU
		{33D478B4-CCA9-4CAA-AB7E-E5C50B1635AD}.Release|Any CPU.ActiveCfg = Release|Any CPU
		{33D478B4-CCA9-4CAA-AB7E-E5C50B1635AD}.Release|Any CPU.Build.0 = Release|Any CPU
		{33D478B4-CCA9-4CAA-AB7E-E5C50B1635AD}.Release|x86.ActiveCfg = Release|Any CPU
		{90D5AF47-5521-4527-AED0-6C27AFE3FCC5}.Debug|Any CPU.ActiveCfg = Debug|Any CPU
		{90D5AF47-5521-4527-AED0-6C27AFE3FCC5}.Debug|Any CPU.Build.0 = Debug|Any CPU
		{90D5AF47-5521-4527-AED0-6C27AFE3FCC5}.Debug|x86.ActiveCfg = Debug|Any CPU
		{90D5AF47-5521-4527-AED0-6C27AFE3FCC5}.Release|Any CPU.ActiveCfg = Release|Any CPU
		{90D5AF47-5521-4527-AED0-6C27AFE3FCC5}.Release|Any CPU.Build.0 = Release|Any CPU
		{90D5AF47-5521-4527-AED0-6C27AFE3FCC5}.Release|x86.ActiveCfg = Release|Any CPU
		{17B4C6A8-6E0A-496D-BBB4-E3D64F916BBD}.Debug|Any CPU.ActiveCfg = Debug|Any CPU
		{17B4C6A8-6E0A-496D-BBB4-E3D64F916BBD}.Debug|Any CPU.Build.0 = Debug|Any CPU
		{17B4C6A8-6E0A-496D-BBB4-E3D64F916BBD}.Debug|x86.ActiveCfg = Debug|Any CPU
		{17B4C6A8-6E0A-496D-BBB4-E3D64F916BBD}.Release|Any CPU.ActiveCfg = Release|Any CPU
		{17B4C6A8-6E0A-496D-BBB4-E3D64F916BBD}.Release|Any CPU.Build.0 = Release|Any CPU
		{17B4C6A8-6E0A-496D-BBB4-E3D64F916BBD}.Release|x86.ActiveCfg = Release|Any CPU
		{3EA06575-9491-4F09-B4EC-F1712F095972}.Debug|Any CPU.ActiveCfg = Debug|Any CPU
		{3EA06575-9491-4F09-B4EC-F1712F095972}.Debug|Any CPU.Build.0 = Debug|Any CPU
		{3EA06575-9491-4F09-B4EC-F1712F095972}.Debug|x86.ActiveCfg = Debug|Any CPU
		{3EA06575-9491-4F09-B4EC-F1712F095972}.Release|Any CPU.ActiveCfg = Release|Any CPU
		{3EA06575-9491-4F09-B4EC-F1712F095972}.Release|Any CPU.Build.0 = Release|Any CPU
		{3EA06575-9491-4F09-B4EC-F1712F095972}.Release|x86.ActiveCfg = Release|Any CPU
		{A17EBC9A-941C-4C32-BCF9-4A02453FD7FD}.Debug|Any CPU.ActiveCfg = Debug|Any CPU
		{A17EBC9A-941C-4C32-BCF9-4A02453FD7FD}.Debug|Any CPU.Build.0 = Debug|Any CPU
		{A17EBC9A-941C-4C32-BCF9-4A02453FD7FD}.Debug|x86.ActiveCfg = Debug|Any CPU
		{A17EBC9A-941C-4C32-BCF9-4A02453FD7FD}.Release|Any CPU.ActiveCfg = Release|Any CPU
		{A17EBC9A-941C-4C32-BCF9-4A02453FD7FD}.Release|Any CPU.Build.0 = Release|Any CPU
		{A17EBC9A-941C-4C32-BCF9-4A02453FD7FD}.Release|x86.ActiveCfg = Release|Any CPU
		{D9CC0595-4E1A-496E-BA3F-9C8C27425B13}.Debug|Any CPU.ActiveCfg = Debug|Any CPU
		{D9CC0595-4E1A-496E-BA3F-9C8C27425B13}.Debug|Any CPU.Build.0 = Debug|Any CPU
		{D9CC0595-4E1A-496E-BA3F-9C8C27425B13}.Debug|x86.ActiveCfg = Debug|Any CPU
		{D9CC0595-4E1A-496E-BA3F-9C8C27425B13}.Release|Any CPU.ActiveCfg = Release|Any CPU
		{D9CC0595-4E1A-496E-BA3F-9C8C27425B13}.Release|Any CPU.Build.0 = Release|Any CPU
		{D9CC0595-4E1A-496E-BA3F-9C8C27425B13}.Release|x86.ActiveCfg = Release|Any CPU
		{79018C1A-2EB8-4265-83F0-DCFDE8CAA924}.Debug|Any CPU.ActiveCfg = Debug|Any CPU
		{79018C1A-2EB8-4265-83F0-DCFDE8CAA924}.Debug|Any CPU.Build.0 = Debug|Any CPU
		{79018C1A-2EB8-4265-83F0-DCFDE8CAA924}.Debug|x86.ActiveCfg = Debug|Any CPU
		{79018C1A-2EB8-4265-83F0-DCFDE8CAA924}.Release|Any CPU.ActiveCfg = Release|Any CPU
		{79018C1A-2EB8-4265-83F0-DCFDE8CAA924}.Release|Any CPU.Build.0 = Release|Any CPU
		{79018C1A-2EB8-4265-83F0-DCFDE8CAA924}.Release|x86.ActiveCfg = Release|Any CPU
		{186808B5-6284-40C3-89DE-E573BA9BE3EF}.Debug|Any CPU.ActiveCfg = Debug|Any CPU
		{186808B5-6284-40C3-89DE-E573BA9BE3EF}.Debug|Any CPU.Build.0 = Debug|Any CPU
		{186808B5-6284-40C3-89DE-E573BA9BE3EF}.Debug|x86.ActiveCfg = Debug|Any CPU
		{186808B5-6284-40C3-89DE-E573BA9BE3EF}.Release|Any CPU.ActiveCfg = Release|Any CPU
		{186808B5-6284-40C3-89DE-E573BA9BE3EF}.Release|Any CPU.Build.0 = Release|Any CPU
		{186808B5-6284-40C3-89DE-E573BA9BE3EF}.Release|x86.ActiveCfg = Release|Any CPU
		{577AAD9A-EDC0-412D-BB2A-0B8A1F2654FD}.Debug|Any CPU.ActiveCfg = Debug|Any CPU
		{577AAD9A-EDC0-412D-BB2A-0B8A1F2654FD}.Debug|Any CPU.Build.0 = Debug|Any CPU
		{577AAD9A-EDC0-412D-BB2A-0B8A1F2654FD}.Debug|x86.ActiveCfg = Debug|Any CPU
		{577AAD9A-EDC0-412D-BB2A-0B8A1F2654FD}.Release|Any CPU.ActiveCfg = Release|Any CPU
		{577AAD9A-EDC0-412D-BB2A-0B8A1F2654FD}.Release|Any CPU.Build.0 = Release|Any CPU
		{577AAD9A-EDC0-412D-BB2A-0B8A1F2654FD}.Release|x86.ActiveCfg = Release|Any CPU
		{5FD033F7-CAD4-4774-9DD6-4826CB6A4F82}.Debug|Any CPU.ActiveCfg = Debug|Any CPU
		{5FD033F7-CAD4-4774-9DD6-4826CB6A4F82}.Debug|Any CPU.Build.0 = Debug|Any CPU
		{5FD033F7-CAD4-4774-9DD6-4826CB6A4F82}.Debug|x86.ActiveCfg = Debug|Any CPU
		{5FD033F7-CAD4-4774-9DD6-4826CB6A4F82}.Release|Any CPU.ActiveCfg = Release|Any CPU
		{5FD033F7-CAD4-4774-9DD6-4826CB6A4F82}.Release|Any CPU.Build.0 = Release|Any CPU
		{5FD033F7-CAD4-4774-9DD6-4826CB6A4F82}.Release|x86.ActiveCfg = Release|Any CPU
		{66618C57-36E2-4B11-8EE6-31A43DCD3066}.Debug|Any CPU.ActiveCfg = Debug|Any CPU
		{66618C57-36E2-4B11-8EE6-31A43DCD3066}.Debug|Any CPU.Build.0 = Debug|Any CPU
		{66618C57-36E2-4B11-8EE6-31A43DCD3066}.Debug|x86.ActiveCfg = Debug|Any CPU
		{66618C57-36E2-4B11-8EE6-31A43DCD3066}.Release|Any CPU.ActiveCfg = Release|Any CPU
		{66618C57-36E2-4B11-8EE6-31A43DCD3066}.Release|Any CPU.Build.0 = Release|Any CPU
		{66618C57-36E2-4B11-8EE6-31A43DCD3066}.Release|x86.ActiveCfg = Release|Any CPU
		{5FCC4A19-9EDE-4800-AC43-7772390F35A6}.Debug|Any CPU.ActiveCfg = Debug|Any CPU
		{5FCC4A19-9EDE-4800-AC43-7772390F35A6}.Debug|Any CPU.Build.0 = Debug|Any CPU
		{5FCC4A19-9EDE-4800-AC43-7772390F35A6}.Debug|x86.ActiveCfg = Debug|Any CPU
		{5FCC4A19-9EDE-4800-AC43-7772390F35A6}.Release|Any CPU.ActiveCfg = Release|Any CPU
		{5FCC4A19-9EDE-4800-AC43-7772390F35A6}.Release|Any CPU.Build.0 = Release|Any CPU
		{5FCC4A19-9EDE-4800-AC43-7772390F35A6}.Release|x86.ActiveCfg = Release|Any CPU
		{550A03CC-8835-49E0-AA44-D35D72AB23CD}.Debug|Any CPU.ActiveCfg = Debug|Any CPU
		{550A03CC-8835-49E0-AA44-D35D72AB23CD}.Debug|Any CPU.Build.0 = Debug|Any CPU
		{550A03CC-8835-49E0-AA44-D35D72AB23CD}.Debug|x86.ActiveCfg = Debug|Any CPU
		{550A03CC-8835-49E0-AA44-D35D72AB23CD}.Release|Any CPU.ActiveCfg = Release|Any CPU
		{550A03CC-8835-49E0-AA44-D35D72AB23CD}.Release|Any CPU.Build.0 = Release|Any CPU
		{550A03CC-8835-49E0-AA44-D35D72AB23CD}.Release|x86.ActiveCfg = Release|Any CPU
		{4A8C36C2-263B-4F6B-AA8F-BECC246C4AAC}.Debug|Any CPU.ActiveCfg = Debug|Any CPU
		{4A8C36C2-263B-4F6B-AA8F-BECC246C4AAC}.Debug|Any CPU.Build.0 = Debug|Any CPU
		{4A8C36C2-263B-4F6B-AA8F-BECC246C4AAC}.Debug|x86.ActiveCfg = Debug|Any CPU
		{4A8C36C2-263B-4F6B-AA8F-BECC246C4AAC}.Release|Any CPU.ActiveCfg = Release|Any CPU
		{4A8C36C2-263B-4F6B-AA8F-BECC246C4AAC}.Release|Any CPU.Build.0 = Release|Any CPU
		{4A8C36C2-263B-4F6B-AA8F-BECC246C4AAC}.Release|x86.ActiveCfg = Release|Any CPU
		{9DBE5893-1E19-4FDC-8DA0-ED7226418F33}.Debug|Any CPU.ActiveCfg = Debug|Any CPU
		{9DBE5893-1E19-4FDC-8DA0-ED7226418F33}.Debug|Any CPU.Build.0 = Debug|Any CPU
		{9DBE5893-1E19-4FDC-8DA0-ED7226418F33}.Debug|x86.ActiveCfg = Debug|Any CPU
		{9DBE5893-1E19-4FDC-8DA0-ED7226418F33}.Release|Any CPU.ActiveCfg = Release|Any CPU
		{9DBE5893-1E19-4FDC-8DA0-ED7226418F33}.Release|Any CPU.Build.0 = Release|Any CPU
		{9DBE5893-1E19-4FDC-8DA0-ED7226418F33}.Release|x86.ActiveCfg = Release|Any CPU
		{2CC643D4-DE83-449D-81B9-2844DBAA2BFE}.Debug|Any CPU.ActiveCfg = Debug|Any CPU
		{2CC643D4-DE83-449D-81B9-2844DBAA2BFE}.Debug|Any CPU.Build.0 = Debug|Any CPU
		{2CC643D4-DE83-449D-81B9-2844DBAA2BFE}.Debug|x86.ActiveCfg = Debug|Any CPU
		{2CC643D4-DE83-449D-81B9-2844DBAA2BFE}.Release|Any CPU.ActiveCfg = Release|Any CPU
		{2CC643D4-DE83-449D-81B9-2844DBAA2BFE}.Release|Any CPU.Build.0 = Release|Any CPU
		{2CC643D4-DE83-449D-81B9-2844DBAA2BFE}.Release|x86.ActiveCfg = Release|Any CPU
		{5B0D0B86-9E96-4EDD-9EF0-3EC1BD1FD630}.Debug|Any CPU.ActiveCfg = Debug
		{5B0D0B86-9E96-4EDD-9EF0-3EC1BD1FD630}.Debug|Any CPU.Build.0 = Debug
		{5B0D0B86-9E96-4EDD-9EF0-3EC1BD1FD630}.Debug|x86.ActiveCfg = Debug
		{5B0D0B86-9E96-4EDD-9EF0-3EC1BD1FD630}.Debug|x86.Build.0 = Debug
		{5B0D0B86-9E96-4EDD-9EF0-3EC1BD1FD630}.Release|Any CPU.ActiveCfg = Release
		{5B0D0B86-9E96-4EDD-9EF0-3EC1BD1FD630}.Release|Any CPU.Build.0 = Release
		{5B0D0B86-9E96-4EDD-9EF0-3EC1BD1FD630}.Release|x86.ActiveCfg = Release
		{5B0D0B86-9E96-4EDD-9EF0-3EC1BD1FD630}.Release|x86.Build.0 = Release
		{B0A3872F-3269-4725-9EC2-0A51B2F1A22F}.Debug|Any CPU.ActiveCfg = Debug|Any CPU
		{B0A3872F-3269-4725-9EC2-0A51B2F1A22F}.Debug|Any CPU.Build.0 = Debug|Any CPU
		{B0A3872F-3269-4725-9EC2-0A51B2F1A22F}.Debug|x86.ActiveCfg = Debug|Any CPU
		{B0A3872F-3269-4725-9EC2-0A51B2F1A22F}.Release|Any CPU.ActiveCfg = Release|Any CPU
		{B0A3872F-3269-4725-9EC2-0A51B2F1A22F}.Release|Any CPU.Build.0 = Release|Any CPU
		{B0A3872F-3269-4725-9EC2-0A51B2F1A22F}.Release|x86.ActiveCfg = Release|Any CPU
		{973188B4-E123-4EB4-92C9-C7143B2BF415}.Debug|Any CPU.ActiveCfg = Debug|Any CPU
		{973188B4-E123-4EB4-92C9-C7143B2BF415}.Debug|Any CPU.Build.0 = Debug|Any CPU
		{973188B4-E123-4EB4-92C9-C7143B2BF415}.Debug|x86.ActiveCfg = Debug|Any CPU
		{973188B4-E123-4EB4-92C9-C7143B2BF415}.Release|Any CPU.ActiveCfg = Release|Any CPU
		{973188B4-E123-4EB4-92C9-C7143B2BF415}.Release|Any CPU.Build.0 = Release|Any CPU
		{973188B4-E123-4EB4-92C9-C7143B2BF415}.Release|x86.ActiveCfg = Release|Any CPU
		{49DDDC1E-08ED-405E-91E1-FA3DCF42DD49}.Debug|Any CPU.ActiveCfg = Debug|Any CPU
		{49DDDC1E-08ED-405E-91E1-FA3DCF42DD49}.Debug|Any CPU.Build.0 = Debug|Any CPU
		{49DDDC1E-08ED-405E-91E1-FA3DCF42DD49}.Debug|x86.ActiveCfg = Debug|Any CPU
		{49DDDC1E-08ED-405E-91E1-FA3DCF42DD49}.Release|Any CPU.ActiveCfg = Release|Any CPU
		{49DDDC1E-08ED-405E-91E1-FA3DCF42DD49}.Release|Any CPU.Build.0 = Release|Any CPU
		{49DDDC1E-08ED-405E-91E1-FA3DCF42DD49}.Release|x86.ActiveCfg = Release|Any CPU
		{D3B0D147-DE7C-47A8-AED0-91E92B794A27}.Debug|Any CPU.ActiveCfg = Debug|Any CPU
		{D3B0D147-DE7C-47A8-AED0-91E92B794A27}.Debug|Any CPU.Build.0 = Debug|Any CPU
		{D3B0D147-DE7C-47A8-AED0-91E92B794A27}.Debug|x86.ActiveCfg = Debug|Any CPU
		{D3B0D147-DE7C-47A8-AED0-91E92B794A27}.Debug|x86.Build.0 = Debug|Any CPU
		{D3B0D147-DE7C-47A8-AED0-91E92B794A27}.Release|Any CPU.ActiveCfg = Release|Any CPU
		{D3B0D147-DE7C-47A8-AED0-91E92B794A27}.Release|Any CPU.Build.0 = Release|Any CPU
		{D3B0D147-DE7C-47A8-AED0-91E92B794A27}.Release|x86.ActiveCfg = Release|Any CPU
		{D3B0D147-DE7C-47A8-AED0-91E92B794A27}.Release|x86.Build.0 = Release|Any CPU
		{A6371707-FC32-4962-A396-E1B60781397D}.Debug|Any CPU.ActiveCfg = Debug|Any CPU
		{A6371707-FC32-4962-A396-E1B60781397D}.Debug|Any CPU.Build.0 = Debug|Any CPU
		{A6371707-FC32-4962-A396-E1B60781397D}.Debug|x86.ActiveCfg = Debug|Any CPU
		{A6371707-FC32-4962-A396-E1B60781397D}.Debug|x86.Build.0 = Debug|Any CPU
		{A6371707-FC32-4962-A396-E1B60781397D}.Release|Any CPU.ActiveCfg = Release|Any CPU
		{A6371707-FC32-4962-A396-E1B60781397D}.Release|Any CPU.Build.0 = Release|Any CPU
		{A6371707-FC32-4962-A396-E1B60781397D}.Release|x86.ActiveCfg = Release|Any CPU
		{A6371707-FC32-4962-A396-E1B60781397D}.Release|x86.Build.0 = Release|Any CPU
	EndGlobalSection
	GlobalSection(SolutionProperties) = preSolution
		HideSolutionNode = FALSE
	EndGlobalSection
	GlobalSection(NestedProjects) = preSolution
		{E10EFDF5-50AA-4522-88F6-8A0D9CAB5667} = {BF56B14A-DDA7-4BD2-A46E-ABD3D436B0E8}
		{B66BEC57-A431-4AAB-AB4B-C3DCD8826D12} = {BF56B14A-DDA7-4BD2-A46E-ABD3D436B0E8}
		{3161DCBF-86A3-44AC-9637-3C4AA83616CC} = {BF56B14A-DDA7-4BD2-A46E-ABD3D436B0E8}
		{BFDE691D-A64B-4AFB-8FD5-4A4ADCCA01E1} = {BF56B14A-DDA7-4BD2-A46E-ABD3D436B0E8}
		{A0C3BC43-F537-4B6A-A30E-BD0812A710B2} = {BF56B14A-DDA7-4BD2-A46E-ABD3D436B0E8}
		{CD5E5B2B-C87A-4BC5-A19F-936BB62089E9} = {BF56B14A-DDA7-4BD2-A46E-ABD3D436B0E8}
		{08BE8F69-794E-4D36-9252-F909DF1B9631} = {BF56B14A-DDA7-4BD2-A46E-ABD3D436B0E8}
		{0987850E-1722-425B-960B-8F60D1CFB58C} = {76508329-8842-4498-8829-F3E34FAEC334}
		{C01692D4-223D-449E-9431-6EEC88C1E69D} = {76508329-8842-4498-8829-F3E34FAEC334}
		{B331A776-12A7-4B4E-A61F-5172AC8B7C39} = {76508329-8842-4498-8829-F3E34FAEC334}
		{6BD5973A-7C7D-4924-BD8D-972965C2E110} = {76508329-8842-4498-8829-F3E34FAEC334}
		{1CD6B6A2-1D3C-48C5-BF3E-3154B4EDDF6C} = {76508329-8842-4498-8829-F3E34FAEC334}
		{87AAAE87-C21B-470E-8DAB-11C98B2F537C} = {76508329-8842-4498-8829-F3E34FAEC334}
		{669175AF-F797-4DFE-8B8C-0399EF20E286} = {76508329-8842-4498-8829-F3E34FAEC334}
		{AD9576EC-EA36-4773-AAFE-896DAC05D84E} = {76508329-8842-4498-8829-F3E34FAEC334}
		{77309A70-A4A4-4BF0-8505-4CAFC1A1ADC1} = {76508329-8842-4498-8829-F3E34FAEC334}
		{A07A3A5A-CB62-4CDD-91C9-185B7D778303} = {76508329-8842-4498-8829-F3E34FAEC334}
		{AB224AF7-06B1-4B12-A0E1-7185FA0ECF7C} = {76508329-8842-4498-8829-F3E34FAEC334}
		{C89D7B38-6882-4B02-B6B6-EFDD3F649744} = {76508329-8842-4498-8829-F3E34FAEC334}
		{E2DEAA16-110B-4CAC-8AFC-F520BFCA2200} = {76508329-8842-4498-8829-F3E34FAEC334}
		{C922066E-77E7-42AE-BA7F-21A99535C931} = {BF56B14A-DDA7-4BD2-A46E-ABD3D436B0E8}
		{FF7621EF-A3DE-4546-8B92-444075890DAE} = {2E96AE45-AF6F-43B4-A0A9-72853753D345}
		{5273DA3F-404E-43F2-BAF6-BA1B710FBE81} = {E10EFDF5-50AA-4522-88F6-8A0D9CAB5667}
		{F360FE7C-95B4-4905-B284-4FA1BAE87990} = {B66BEC57-A431-4AAB-AB4B-C3DCD8826D12}
		{B1168E7A-8BAC-46B6-9249-F1443724502F} = {3161DCBF-86A3-44AC-9637-3C4AA83616CC}
		{4FA5E0B4-2B4E-448A-AF47-4DEB2D0DC409} = {BFDE691D-A64B-4AFB-8FD5-4A4ADCCA01E1}
		{33D478B4-CCA9-4CAA-AB7E-E5C50B1635AD} = {A0C3BC43-F537-4B6A-A30E-BD0812A710B2}
		{90D5AF47-5521-4527-AED0-6C27AFE3FCC5} = {CD5E5B2B-C87A-4BC5-A19F-936BB62089E9}
		{17B4C6A8-6E0A-496D-BBB4-E3D64F916BBD} = {08BE8F69-794E-4D36-9252-F909DF1B9631}
		{3EA06575-9491-4F09-B4EC-F1712F095972} = {C01692D4-223D-449E-9431-6EEC88C1E69D}
		{A17EBC9A-941C-4C32-BCF9-4A02453FD7FD} = {68A2D3F0-88EF-4F8B-86E5-16FED9CEACE1}
		{D9CC0595-4E1A-496E-BA3F-9C8C27425B13} = {68A2D3F0-88EF-4F8B-86E5-16FED9CEACE1}
		{79018C1A-2EB8-4265-83F0-DCFDE8CAA924} = {E6053640-76E9-45FE-A1D9-A9A89DBB4800}
		{186808B5-6284-40C3-89DE-E573BA9BE3EF} = {1A8FA27B-B604-4C91-85A4-CC36A400B4EC}
		{577AAD9A-EDC0-412D-BB2A-0B8A1F2654FD} = {CD98B352-F42A-4ABB-8D67-85DF2AAD82D5}
		{5FD033F7-CAD4-4774-9DD6-4826CB6A4F82} = {1DFCC1E5-3F79-4E31-A70F-E4D0F0A30A59}
		{66618C57-36E2-4B11-8EE6-31A43DCD3066} = {81DC7674-FD4E-4F8A-B8B7-08BB1A09A683}
		{5FCC4A19-9EDE-4800-AC43-7772390F35A6} = {F3858FE7-AFB3-4DA2-B21B-FC99373D5513}
		{550A03CC-8835-49E0-AA44-D35D72AB23CD} = {F3858FE7-AFB3-4DA2-B21B-FC99373D5513}
		{4A8C36C2-263B-4F6B-AA8F-BECC246C4AAC} = {9E07A5A6-4D76-4CD1-AB12-2048A0081274}
		{9DBE5893-1E19-4FDC-8DA0-ED7226418F33} = {4F6BA4C2-0ED9-44D1-914F-1DFA79F714B8}
		{2CC643D4-DE83-449D-81B9-2844DBAA2BFE} = {0D4FAA9B-CD5E-473F-BBFF-271683E12994}
		{B0A3872F-3269-4725-9EC2-0A51B2F1A22F} = {C922066E-77E7-42AE-BA7F-21A99535C931}
		{973188B4-E123-4EB4-92C9-C7143B2BF415} = {4EB8E3CC-FC44-4AF5-9CF7-3C38D86A3AF5}
		{49DDDC1E-08ED-405E-91E1-FA3DCF42DD49} = {FAAF35A4-F6E2-4A7D-ABBC-76693F04DD37}
		{701C3595-99A4-44F5-87A1-7904D70E71E3} = {BF56B14A-DDA7-4BD2-A46E-ABD3D436B0E8}
		{D3B0D147-DE7C-47A8-AED0-91E92B794A27} = {701C3595-99A4-44F5-87A1-7904D70E71E3}
		{10D56D5E-3CCF-457C-9516-DC24D7878B9F} = {76508329-8842-4498-8829-F3E34FAEC334}
		{A6371707-FC32-4962-A396-E1B60781397D} = {10D56D5E-3CCF-457C-9516-DC24D7878B9F}
	EndGlobalSection
	GlobalSection(ExtensibilityGlobals) = postSolution
		SolutionGuid = {2E7EC897-2C40-4A68-B055-2F8487E680BC}
	EndGlobalSection
EndGlobal
